// !$*UTF8*$!
{
	archiveVersion = 1;
	classes = {
	};
	objectVersion = 55;
	objects = {

/* Begin PBXBuildFile section */
		1BA2E5E22A35E16E00631B6C /* AppDelegate.swift in Sources */ = {isa = PBXBuildFile; fileRef = 1BA2E5E12A35E16E00631B6C /* AppDelegate.swift */; };
		1BA2E5E42A35E16E00631B6C /* SceneDelegate.swift in Sources */ = {isa = PBXBuildFile; fileRef = 1BA2E5E32A35E16E00631B6C /* SceneDelegate.swift */; };
		1BA2E5E62A35E16E00631B6C /* ViewController.swift in Sources */ = {isa = PBXBuildFile; fileRef = 1BA2E5E52A35E16E00631B6C /* ViewController.swift */; };
		1BA2E5E92A35E16E00631B6C /* Main.storyboard in Resources */ = {isa = PBXBuildFile; fileRef = 1BA2E5E72A35E16E00631B6C /* Main.storyboard */; };
		1BA2E5EB2A35E17300631B6C /* Assets.xcassets in Resources */ = {isa = PBXBuildFile; fileRef = 1BA2E5EA2A35E17300631B6C /* Assets.xcassets */; };
		1BA2E5EE2A35E17300631B6C /* LaunchScreen.storyboard in Resources */ = {isa = PBXBuildFile; fileRef = 1BA2E5EC2A35E17300631B6C /* LaunchScreen.storyboard */; };
		1BA2E5F92A35E17300631B6C /* EMagTests.swift in Sources */ = {isa = PBXBuildFile; fileRef = 1BA2E5F82A35E17300631B6C /* EMagTests.swift */; };
		1BA2E6032A35E17300631B6C /* EMagUITests.swift in Sources */ = {isa = PBXBuildFile; fileRef = 1BA2E6022A35E17300631B6C /* EMagUITests.swift */; };
		1BA2E6052A35E17300631B6C /* EMagUITestsLaunchTests.swift in Sources */ = {isa = PBXBuildFile; fileRef = 1BA2E6042A35E17300631B6C /* EMagUITestsLaunchTests.swift */; };
/* End PBXBuildFile section */

/* Begin PBXContainerItemProxy section */
		1BA2E5F52A35E17300631B6C /* PBXContainerItemProxy */ = {
			isa = PBXContainerItemProxy;
			containerPortal = 1BA2E5D62A35E16E00631B6C /* Project object */;
			proxyType = 1;
			remoteGlobalIDString = 1BA2E5DD2A35E16E00631B6C;
			remoteInfo = EMag;
		};
		1BA2E5FF2A35E17300631B6C /* PBXContainerItemProxy */ = {
			isa = PBXContainerItemProxy;
			containerPortal = 1BA2E5D62A35E16E00631B6C /* Project object */;
			proxyType = 1;
			remoteGlobalIDString = 1BA2E5DD2A35E16E00631B6C;
			remoteInfo = EMag;
		};
/* End PBXContainerItemProxy section */

/* Begin PBXFileReference section */
		1BA2E5DE2A35E16E00631B6C /* EMag.app */ = {isa = PBXFileReference; explicitFileType = wrapper.application; includeInIndex = 0; path = EMag.app; sourceTree = BUILT_PRODUCTS_DIR; };
		1BA2E5E12A35E16E00631B6C /* AppDelegate.swift */ = {isa = PBXFileReference; lastKnownFileType = sourcecode.swift; path = AppDelegate.swift; sourceTree = "<group>"; };
		1BA2E5E32A35E16E00631B6C /* SceneDelegate.swift */ = {isa = PBXFileReference; lastKnownFileType = sourcecode.swift; path = SceneDelegate.swift; sourceTree = "<group>"; };
		1BA2E5E52A35E16E00631B6C /* ViewController.swift */ = {isa = PBXFileReference; lastKnownFileType = sourcecode.swift; path = ViewController.swift; sourceTree = "<group>"; };
		1BA2E5E82A35E16E00631B6C /* Base */ = {isa = PBXFileReference; lastKnownFileType = file.storyboard; name = Base; path = Base.lproj/Main.storyboard; sourceTree = "<group>"; };
		1BA2E5EA2A35E17300631B6C /* Assets.xcassets */ = {isa = PBXFileReference; lastKnownFileType = folder.assetcatalog; path = Assets.xcassets; sourceTree = "<group>"; };
		1BA2E5ED2A35E17300631B6C /* Base */ = {isa = PBXFileReference; lastKnownFileType = file.storyboard; name = Base; path = Base.lproj/LaunchScreen.storyboard; sourceTree = "<group>"; };
		1BA2E5EF2A35E17300631B6C /* Info.plist */ = {isa = PBXFileReference; lastKnownFileType = text.plist.xml; path = Info.plist; sourceTree = "<group>"; };
		1BA2E5F42A35E17300631B6C /* EMagTests.xctest */ = {isa = PBXFileReference; explicitFileType = wrapper.cfbundle; includeInIndex = 0; path = EMagTests.xctest; sourceTree = BUILT_PRODUCTS_DIR; };
		1BA2E5F82A35E17300631B6C /* EMagTests.swift */ = {isa = PBXFileReference; lastKnownFileType = sourcecode.swift; path = EMagTests.swift; sourceTree = "<group>"; };
		1BA2E5FE2A35E17300631B6C /* EMagUITests.xctest */ = {isa = PBXFileReference; explicitFileType = wrapper.cfbundle; includeInIndex = 0; path = EMagUITests.xctest; sourceTree = BUILT_PRODUCTS_DIR; };
		1BA2E6022A35E17300631B6C /* EMagUITests.swift */ = {isa = PBXFileReference; lastKnownFileType = sourcecode.swift; path = EMagUITests.swift; sourceTree = "<group>"; };
		1BA2E6042A35E17300631B6C /* EMagUITestsLaunchTests.swift */ = {isa = PBXFileReference; lastKnownFileType = sourcecode.swift; path = EMagUITestsLaunchTests.swift; sourceTree = "<group>"; };
/* End PBXFileReference section */

/* Begin PBXFrameworksBuildPhase section */
		1BA2E5DB2A35E16E00631B6C /* Frameworks */ = {
			isa = PBXFrameworksBuildPhase;
			buildActionMask = 2147483647;
			files = (
			);
			runOnlyForDeploymentPostprocessing = 0;
		};
		1BA2E5F12A35E17300631B6C /* Frameworks */ = {
			isa = PBXFrameworksBuildPhase;
			buildActionMask = 2147483647;
			files = (
			);
			runOnlyForDeploymentPostprocessing = 0;
		};
		1BA2E5FB2A35E17300631B6C /* Frameworks */ = {
			isa = PBXFrameworksBuildPhase;
			buildActionMask = 2147483647;
			files = (
			);
			runOnlyForDeploymentPostprocessing = 0;
		};
/* End PBXFrameworksBuildPhase section */

/* Begin PBXGroup section */
		1BA2E5D52A35E16E00631B6C = {
			isa = PBXGroup;
			children = (
				1BA2E5E02A35E16E00631B6C /* EMag */,
				1BA2E5F72A35E17300631B6C /* EMagTests */,
				1BA2E6012A35E17300631B6C /* EMagUITests */,
				1BA2E5DF2A35E16E00631B6C /* Products */,
			);
			sourceTree = "<group>";
		};
		1BA2E5DF2A35E16E00631B6C /* Products */ = {
			isa = PBXGroup;
			children = (
				1BA2E5DE2A35E16E00631B6C /* EMag.app */,
				1BA2E5F42A35E17300631B6C /* EMagTests.xctest */,
				1BA2E5FE2A35E17300631B6C /* EMagUITests.xctest */,
			);
			name = Products;
			sourceTree = "<group>";
		};
		1BA2E5E02A35E16E00631B6C /* EMag */ = {
			isa = PBXGroup;
			children = (
				1BA2E6142A372F3300631B6C /* App */,
				1BA2E6132A372F2800631B6C /* Core */,
				1BA2E6122A372F1600631B6C /* Resources */,
				1BA2E6112A372F0500631B6C /* Environments */,
			);
			path = EMag;
			sourceTree = "<group>";
		};
		1BA2E5F72A35E17300631B6C /* EMagTests */ = {
			isa = PBXGroup;
			children = (
				1BA2E5F82A35E17300631B6C /* EMagTests.swift */,
			);
			path = EMagTests;
			sourceTree = "<group>";
		};
		1BA2E6012A35E17300631B6C /* EMagUITests */ = {
			isa = PBXGroup;
			children = (
				1BA2E6022A35E17300631B6C /* EMagUITests.swift */,
				1BA2E6042A35E17300631B6C /* EMagUITestsLaunchTests.swift */,
			);
			path = EMagUITests;
			sourceTree = "<group>";
		};
		1BA2E6112A372F0500631B6C /* Environments */ = {
			isa = PBXGroup;
			children = (
				1BA2E5EF2A35E17300631B6C /* Info.plist */,
			);
			path = Environments;
			sourceTree = "<group>";
		};
		1BA2E6122A372F1600631B6C /* Resources */ = {
			isa = PBXGroup;
			children = (
				1BA2E5EA2A35E17300631B6C /* Assets.xcassets */,
			);
			path = Resources;
			sourceTree = "<group>";
		};
		1BA2E6132A372F2800631B6C /* Core */ = {
			isa = PBXGroup;
			children = (
			);
			path = Core;
			sourceTree = "<group>";
		};
		1BA2E6142A372F3300631B6C /* App */ = {
			isa = PBXGroup;
			children = (
				1BA2E5E52A35E16E00631B6C /* ViewController.swift */,
				1BA2E6182A372F5B00631B6C /* BusinessLogic */,
				1BA2E6172A372F5300631B6C /* Entity */,
				1BA2E6162A372F4600631B6C /* Assembly */,
				1BA2E6152A372F3C00631B6C /* Flows */,
			);
			path = App;
			sourceTree = "<group>";
		};
		1BA2E6152A372F3C00631B6C /* Flows */ = {
			isa = PBXGroup;
			children = (
				1BA2E5E12A35E16E00631B6C /* AppDelegate.swift */,
				1BA2E5E32A35E16E00631B6C /* SceneDelegate.swift */,
				1BA2E5E72A35E16E00631B6C /* Main.storyboard */,
				1BA2E5EC2A35E17300631B6C /* LaunchScreen.storyboard */,
			);
			path = Flows;
			sourceTree = "<group>";
		};
		1BA2E6162A372F4600631B6C /* Assembly */ = {
			isa = PBXGroup;
			children = (
			);
			path = Assembly;
			sourceTree = "<group>";
		};
		1BA2E6172A372F5300631B6C /* Entity */ = {
			isa = PBXGroup;
			children = (
			);
			path = Entity;
			sourceTree = "<group>";
		};
		1BA2E6182A372F5B00631B6C /* BusinessLogic */ = {
			isa = PBXGroup;
			children = (
			);
			path = BusinessLogic;
			sourceTree = "<group>";
		};
/* End PBXGroup section */

/* Begin PBXNativeTarget section */
		1BA2E5DD2A35E16E00631B6C /* EMag */ = {
			isa = PBXNativeTarget;
			buildConfigurationList = 1BA2E6082A35E17300631B6C /* Build configuration list for PBXNativeTarget "EMag" */;
			buildPhases = (
				1BA2E5DA2A35E16E00631B6C /* Sources */,
				1BA2E5DB2A35E16E00631B6C /* Frameworks */,
				1BA2E5DC2A35E16E00631B6C /* Resources */,
			);
			buildRules = (
			);
			dependencies = (
			);
			name = EMag;
			productName = EMag;
			productReference = 1BA2E5DE2A35E16E00631B6C /* EMag.app */;
			productType = "com.apple.product-type.application";
		};
		1BA2E5F32A35E17300631B6C /* EMagTests */ = {
			isa = PBXNativeTarget;
			buildConfigurationList = 1BA2E60B2A35E17300631B6C /* Build configuration list for PBXNativeTarget "EMagTests" */;
			buildPhases = (
				1BA2E5F02A35E17300631B6C /* Sources */,
				1BA2E5F12A35E17300631B6C /* Frameworks */,
				1BA2E5F22A35E17300631B6C /* Resources */,
			);
			buildRules = (
			);
			dependencies = (
				1BA2E5F62A35E17300631B6C /* PBXTargetDependency */,
			);
			name = EMagTests;
			productName = EMagTests;
			productReference = 1BA2E5F42A35E17300631B6C /* EMagTests.xctest */;
			productType = "com.apple.product-type.bundle.unit-test";
		};
		1BA2E5FD2A35E17300631B6C /* EMagUITests */ = {
			isa = PBXNativeTarget;
			buildConfigurationList = 1BA2E60E2A35E17300631B6C /* Build configuration list for PBXNativeTarget "EMagUITests" */;
			buildPhases = (
				1BA2E5FA2A35E17300631B6C /* Sources */,
				1BA2E5FB2A35E17300631B6C /* Frameworks */,
				1BA2E5FC2A35E17300631B6C /* Resources */,
			);
			buildRules = (
			);
			dependencies = (
				1BA2E6002A35E17300631B6C /* PBXTargetDependency */,
			);
			name = EMagUITests;
			productName = EMagUITests;
			productReference = 1BA2E5FE2A35E17300631B6C /* EMagUITests.xctest */;
			productType = "com.apple.product-type.bundle.ui-testing";
		};
/* End PBXNativeTarget section */

/* Begin PBXProject section */
		1BA2E5D62A35E16E00631B6C /* Project object */ = {
			isa = PBXProject;
			attributes = {
				BuildIndependentTargetsInParallel = 1;
				LastSwiftUpdateCheck = 1310;
				LastUpgradeCheck = 1310;
				TargetAttributes = {
					1BA2E5DD2A35E16E00631B6C = {
						CreatedOnToolsVersion = 13.1;
					};
					1BA2E5F32A35E17300631B6C = {
						CreatedOnToolsVersion = 13.1;
						TestTargetID = 1BA2E5DD2A35E16E00631B6C;
					};
					1BA2E5FD2A35E17300631B6C = {
						CreatedOnToolsVersion = 13.1;
						TestTargetID = 1BA2E5DD2A35E16E00631B6C;
					};
				};
			};
			buildConfigurationList = 1BA2E5D92A35E16E00631B6C /* Build configuration list for PBXProject "EMag" */;
			compatibilityVersion = "Xcode 13.0";
			developmentRegion = en;
			hasScannedForEncodings = 0;
			knownRegions = (
				en,
				Base,
			);
			mainGroup = 1BA2E5D52A35E16E00631B6C;
			productRefGroup = 1BA2E5DF2A35E16E00631B6C /* Products */;
			projectDirPath = "";
			projectRoot = "";
			targets = (
				1BA2E5DD2A35E16E00631B6C /* EMag */,
				1BA2E5F32A35E17300631B6C /* EMagTests */,
				1BA2E5FD2A35E17300631B6C /* EMagUITests */,
			);
		};
/* End PBXProject section */

/* Begin PBXResourcesBuildPhase section */
		1BA2E5DC2A35E16E00631B6C /* Resources */ = {
			isa = PBXResourcesBuildPhase;
			buildActionMask = 2147483647;
			files = (
				1BA2E5EE2A35E17300631B6C /* LaunchScreen.storyboard in Resources */,
				1BA2E5EB2A35E17300631B6C /* Assets.xcassets in Resources */,
				1BA2E5E92A35E16E00631B6C /* Main.storyboard in Resources */,
			);
			runOnlyForDeploymentPostprocessing = 0;
		};
		1BA2E5F22A35E17300631B6C /* Resources */ = {
			isa = PBXResourcesBuildPhase;
			buildActionMask = 2147483647;
			files = (
			);
			runOnlyForDeploymentPostprocessing = 0;
		};
		1BA2E5FC2A35E17300631B6C /* Resources */ = {
			isa = PBXResourcesBuildPhase;
			buildActionMask = 2147483647;
			files = (
			);
			runOnlyForDeploymentPostprocessing = 0;
		};
/* End PBXResourcesBuildPhase section */

/* Begin PBXSourcesBuildPhase section */
		1BA2E5DA2A35E16E00631B6C /* Sources */ = {
			isa = PBXSourcesBuildPhase;
			buildActionMask = 2147483647;
			files = (
				1BA2E5E62A35E16E00631B6C /* ViewController.swift in Sources */,
				1BA2E5E22A35E16E00631B6C /* AppDelegate.swift in Sources */,
				1BA2E5E42A35E16E00631B6C /* SceneDelegate.swift in Sources */,
			);
			runOnlyForDeploymentPostprocessing = 0;
		};
		1BA2E5F02A35E17300631B6C /* Sources */ = {
			isa = PBXSourcesBuildPhase;
			buildActionMask = 2147483647;
			files = (
				1BA2E5F92A35E17300631B6C /* EMagTests.swift in Sources */,
			);
			runOnlyForDeploymentPostprocessing = 0;
		};
		1BA2E5FA2A35E17300631B6C /* Sources */ = {
			isa = PBXSourcesBuildPhase;
			buildActionMask = 2147483647;
			files = (
				1BA2E6052A35E17300631B6C /* EMagUITestsLaunchTests.swift in Sources */,
				1BA2E6032A35E17300631B6C /* EMagUITests.swift in Sources */,
			);
			runOnlyForDeploymentPostprocessing = 0;
		};
/* End PBXSourcesBuildPhase section */

/* Begin PBXTargetDependency section */
		1BA2E5F62A35E17300631B6C /* PBXTargetDependency */ = {
			isa = PBXTargetDependency;
			target = 1BA2E5DD2A35E16E00631B6C /* EMag */;
			targetProxy = 1BA2E5F52A35E17300631B6C /* PBXContainerItemProxy */;
		};
		1BA2E6002A35E17300631B6C /* PBXTargetDependency */ = {
			isa = PBXTargetDependency;
			target = 1BA2E5DD2A35E16E00631B6C /* EMag */;
			targetProxy = 1BA2E5FF2A35E17300631B6C /* PBXContainerItemProxy */;
		};
/* End PBXTargetDependency section */

/* Begin PBXVariantGroup section */
		1BA2E5E72A35E16E00631B6C /* Main.storyboard */ = {
			isa = PBXVariantGroup;
			children = (
				1BA2E5E82A35E16E00631B6C /* Base */,
			);
			name = Main.storyboard;
			sourceTree = "<group>";
		};
		1BA2E5EC2A35E17300631B6C /* LaunchScreen.storyboard */ = {
			isa = PBXVariantGroup;
			children = (
				1BA2E5ED2A35E17300631B6C /* Base */,
			);
			name = LaunchScreen.storyboard;
			sourceTree = "<group>";
		};
/* End PBXVariantGroup section */

/* Begin XCBuildConfiguration section */
		1BA2E6062A35E17300631B6C /* Debug */ = {
			isa = XCBuildConfiguration;
			buildSettings = {
				ALWAYS_SEARCH_USER_PATHS = NO;
				CLANG_ANALYZER_NONNULL = YES;
				CLANG_ANALYZER_NUMBER_OBJECT_CONVERSION = YES_AGGRESSIVE;
				CLANG_CXX_LANGUAGE_STANDARD = "gnu++17";
				CLANG_CXX_LIBRARY = "libc++";
				CLANG_ENABLE_MODULES = YES;
				CLANG_ENABLE_OBJC_ARC = YES;
				CLANG_ENABLE_OBJC_WEAK = YES;
				CLANG_WARN_BLOCK_CAPTURE_AUTORELEASING = YES;
				CLANG_WARN_BOOL_CONVERSION = YES;
				CLANG_WARN_COMMA = YES;
				CLANG_WARN_CONSTANT_CONVERSION = YES;
				CLANG_WARN_DEPRECATED_OBJC_IMPLEMENTATIONS = YES;
				CLANG_WARN_DIRECT_OBJC_ISA_USAGE = YES_ERROR;
				CLANG_WARN_DOCUMENTATION_COMMENTS = YES;
				CLANG_WARN_EMPTY_BODY = YES;
				CLANG_WARN_ENUM_CONVERSION = YES;
				CLANG_WARN_INFINITE_RECURSION = YES;
				CLANG_WARN_INT_CONVERSION = YES;
				CLANG_WARN_NON_LITERAL_NULL_CONVERSION = YES;
				CLANG_WARN_OBJC_IMPLICIT_RETAIN_SELF = YES;
				CLANG_WARN_OBJC_LITERAL_CONVERSION = YES;
				CLANG_WARN_OBJC_ROOT_CLASS = YES_ERROR;
				CLANG_WARN_QUOTED_INCLUDE_IN_FRAMEWORK_HEADER = YES;
				CLANG_WARN_RANGE_LOOP_ANALYSIS = YES;
				CLANG_WARN_STRICT_PROTOTYPES = YES;
				CLANG_WARN_SUSPICIOUS_MOVE = YES;
				CLANG_WARN_UNGUARDED_AVAILABILITY = YES_AGGRESSIVE;
				CLANG_WARN_UNREACHABLE_CODE = YES;
				CLANG_WARN__DUPLICATE_METHOD_MATCH = YES;
				COPY_PHASE_STRIP = NO;
				DEBUG_INFORMATION_FORMAT = dwarf;
				ENABLE_STRICT_OBJC_MSGSEND = YES;
				ENABLE_TESTABILITY = YES;
				GCC_C_LANGUAGE_STANDARD = gnu11;
				GCC_DYNAMIC_NO_PIC = NO;
				GCC_NO_COMMON_BLOCKS = YES;
				GCC_OPTIMIZATION_LEVEL = 0;
				GCC_PREPROCESSOR_DEFINITIONS = (
					"DEBUG=1",
					"$(inherited)",
				);
				GCC_WARN_64_TO_32_BIT_CONVERSION = YES;
				GCC_WARN_ABOUT_RETURN_TYPE = YES_ERROR;
				GCC_WARN_UNDECLARED_SELECTOR = YES;
				GCC_WARN_UNINITIALIZED_AUTOS = YES_AGGRESSIVE;
				GCC_WARN_UNUSED_FUNCTION = YES;
				GCC_WARN_UNUSED_VARIABLE = YES;
				IPHONEOS_DEPLOYMENT_TARGET = 15.0;
				MTL_ENABLE_DEBUG_INFO = INCLUDE_SOURCE;
				MTL_FAST_MATH = YES;
				ONLY_ACTIVE_ARCH = YES;
				SDKROOT = iphoneos;
				SWIFT_ACTIVE_COMPILATION_CONDITIONS = DEBUG;
				SWIFT_OPTIMIZATION_LEVEL = "-Onone";
			};
			name = Debug;
		};
		1BA2E6072A35E17300631B6C /* Release */ = {
			isa = XCBuildConfiguration;
			buildSettings = {
				ALWAYS_SEARCH_USER_PATHS = NO;
				CLANG_ANALYZER_NONNULL = YES;
				CLANG_ANALYZER_NUMBER_OBJECT_CONVERSION = YES_AGGRESSIVE;
				CLANG_CXX_LANGUAGE_STANDARD = "gnu++17";
				CLANG_CXX_LIBRARY = "libc++";
				CLANG_ENABLE_MODULES = YES;
				CLANG_ENABLE_OBJC_ARC = YES;
				CLANG_ENABLE_OBJC_WEAK = YES;
				CLANG_WARN_BLOCK_CAPTURE_AUTORELEASING = YES;
				CLANG_WARN_BOOL_CONVERSION = YES;
				CLANG_WARN_COMMA = YES;
				CLANG_WARN_CONSTANT_CONVERSION = YES;
				CLANG_WARN_DEPRECATED_OBJC_IMPLEMENTATIONS = YES;
				CLANG_WARN_DIRECT_OBJC_ISA_USAGE = YES_ERROR;
				CLANG_WARN_DOCUMENTATION_COMMENTS = YES;
				CLANG_WARN_EMPTY_BODY = YES;
				CLANG_WARN_ENUM_CONVERSION = YES;
				CLANG_WARN_INFINITE_RECURSION = YES;
				CLANG_WARN_INT_CONVERSION = YES;
				CLANG_WARN_NON_LITERAL_NULL_CONVERSION = YES;
				CLANG_WARN_OBJC_IMPLICIT_RETAIN_SELF = YES;
				CLANG_WARN_OBJC_LITERAL_CONVERSION = YES;
				CLANG_WARN_OBJC_ROOT_CLASS = YES_ERROR;
				CLANG_WARN_QUOTED_INCLUDE_IN_FRAMEWORK_HEADER = YES;
				CLANG_WARN_RANGE_LOOP_ANALYSIS = YES;
				CLANG_WARN_STRICT_PROTOTYPES = YES;
				CLANG_WARN_SUSPICIOUS_MOVE = YES;
				CLANG_WARN_UNGUARDED_AVAILABILITY = YES_AGGRESSIVE;
				CLANG_WARN_UNREACHABLE_CODE = YES;
				CLANG_WARN__DUPLICATE_METHOD_MATCH = YES;
				COPY_PHASE_STRIP = NO;
				DEBUG_INFORMATION_FORMAT = "dwarf-with-dsym";
				ENABLE_NS_ASSERTIONS = NO;
				ENABLE_STRICT_OBJC_MSGSEND = YES;
				GCC_C_LANGUAGE_STANDARD = gnu11;
				GCC_NO_COMMON_BLOCKS = YES;
				GCC_WARN_64_TO_32_BIT_CONVERSION = YES;
				GCC_WARN_ABOUT_RETURN_TYPE = YES_ERROR;
				GCC_WARN_UNDECLARED_SELECTOR = YES;
				GCC_WARN_UNINITIALIZED_AUTOS = YES_AGGRESSIVE;
				GCC_WARN_UNUSED_FUNCTION = YES;
				GCC_WARN_UNUSED_VARIABLE = YES;
				IPHONEOS_DEPLOYMENT_TARGET = 15.0;
				MTL_ENABLE_DEBUG_INFO = NO;
				MTL_FAST_MATH = YES;
				SDKROOT = iphoneos;
				SWIFT_COMPILATION_MODE = wholemodule;
				SWIFT_OPTIMIZATION_LEVEL = "-O";
				VALIDATE_PRODUCT = YES;
			};
			name = Release;
		};
		1BA2E6092A35E17300631B6C /* Debug */ = {
			isa = XCBuildConfiguration;
			buildSettings = {
				ASSETCATALOG_COMPILER_APPICON_NAME = AppIcon;
				ASSETCATALOG_COMPILER_GLOBAL_ACCENT_COLOR_NAME = AccentColor;
				CODE_SIGN_STYLE = Automatic;
				CURRENT_PROJECT_VERSION = 1;
				DEVELOPMENT_TEAM = 6PFYL3M3A5;
				GENERATE_INFOPLIST_FILE = YES;
				INFOPLIST_FILE = EMag/Info.plist;
				INFOPLIST_KEY_UIApplicationSupportsIndirectInputEvents = YES;
				INFOPLIST_KEY_UILaunchStoryboardName = LaunchScreen;
				INFOPLIST_KEY_UIMainStoryboardFile = Main;
				INFOPLIST_KEY_UISupportedInterfaceOrientations_iPad = "UIInterfaceOrientationPortrait UIInterfaceOrientationPortraitUpsideDown UIInterfaceOrientationLandscapeLeft UIInterfaceOrientationLandscapeRight";
				INFOPLIST_KEY_UISupportedInterfaceOrientations_iPhone = "UIInterfaceOrientationPortrait UIInterfaceOrientationLandscapeLeft UIInterfaceOrientationLandscapeRight";
				LD_RUNPATH_SEARCH_PATHS = (
					"$(inherited)",
					"@executable_path/Frameworks",
				);
				MARKETING_VERSION = 1.0;
				PRODUCT_BUNDLE_IDENTIFIER = com.chizztectep.ru.EMag;
				PRODUCT_NAME = "$(TARGET_NAME)";
				SWIFT_EMIT_LOC_STRINGS = YES;
				SWIFT_VERSION = 5.0;
				TARGETED_DEVICE_FAMILY = "1,2";
			};
			name = Debug;
		};
		1BA2E60A2A35E17300631B6C /* Release */ = {
			isa = XCBuildConfiguration;
			buildSettings = {
				ASSETCATALOG_COMPILER_APPICON_NAME = AppIcon;
				ASSETCATALOG_COMPILER_GLOBAL_ACCENT_COLOR_NAME = AccentColor;
				CODE_SIGN_STYLE = Automatic;
				CURRENT_PROJECT_VERSION = 1;
				DEVELOPMENT_TEAM = 6PFYL3M3A5;
				GENERATE_INFOPLIST_FILE = YES;
				INFOPLIST_FILE = EMag/Info.plist;
				INFOPLIST_KEY_UIApplicationSupportsIndirectInputEvents = YES;
				INFOPLIST_KEY_UILaunchStoryboardName = LaunchScreen;
				INFOPLIST_KEY_UIMainStoryboardFile = Main;
				INFOPLIST_KEY_UISupportedInterfaceOrientations_iPad = "UIInterfaceOrientationPortrait UIInterfaceOrientationPortraitUpsideDown UIInterfaceOrientationLandscapeLeft UIInterfaceOrientationLandscapeRight";
				INFOPLIST_KEY_UISupportedInterfaceOrientations_iPhone = "UIInterfaceOrientationPortrait UIInterfaceOrientationLandscapeLeft UIInterfaceOrientationLandscapeRight";
				LD_RUNPATH_SEARCH_PATHS = (
					"$(inherited)",
					"@executable_path/Frameworks",
				);
				MARKETING_VERSION = 1.0;
				PRODUCT_BUNDLE_IDENTIFIER = com.chizztectep.ru.EMag;
				PRODUCT_NAME = "$(TARGET_NAME)";
				SWIFT_EMIT_LOC_STRINGS = YES;
				SWIFT_VERSION = 5.0;
				TARGETED_DEVICE_FAMILY = "1,2";
			};
			name = Release;
		};
		1BA2E60C2A35E17300631B6C /* Debug */ = {
			isa = XCBuildConfiguration;
			buildSettings = {
				ALWAYS_EMBED_SWIFT_STANDARD_LIBRARIES = YES;
				BUNDLE_LOADER = "$(TEST_HOST)";
				CODE_SIGN_STYLE = Automatic;
				CURRENT_PROJECT_VERSION = 1;
				DEVELOPMENT_TEAM = 6PFYL3M3A5;
				GENERATE_INFOPLIST_FILE = YES;
				IPHONEOS_DEPLOYMENT_TARGET = 15.0;
				LD_RUNPATH_SEARCH_PATHS = (
					"$(inherited)",
					"@executable_path/Frameworks",
					"@loader_path/Frameworks",
				);
				MARKETING_VERSION = 1.0;
				PRODUCT_BUNDLE_IDENTIFIER = com.chizztectep.ru.EMagTests;
				PRODUCT_NAME = "$(TARGET_NAME)";
				SWIFT_EMIT_LOC_STRINGS = NO;
				SWIFT_VERSION = 5.0;
				TARGETED_DEVICE_FAMILY = "1,2";
				TEST_HOST = "$(BUILT_PRODUCTS_DIR)/EMag.app/EMag";
			};
			name = Debug;
		};
		1BA2E60D2A35E17300631B6C /* Release */ = {
			isa = XCBuildConfiguration;
			buildSettings = {
				ALWAYS_EMBED_SWIFT_STANDARD_LIBRARIES = YES;
				BUNDLE_LOADER = "$(TEST_HOST)";
				CODE_SIGN_STYLE = Automatic;
				CURRENT_PROJECT_VERSION = 1;
				DEVELOPMENT_TEAM = 6PFYL3M3A5;
				GENERATE_INFOPLIST_FILE = YES;
				IPHONEOS_DEPLOYMENT_TARGET = 15.0;
				LD_RUNPATH_SEARCH_PATHS = (
					"$(inherited)",
					"@executable_path/Frameworks",
					"@loader_path/Frameworks",
				);
				MARKETING_VERSION = 1.0;
				PRODUCT_BUNDLE_IDENTIFIER = com.chizztectep.ru.EMagTests;
				PRODUCT_NAME = "$(TARGET_NAME)";
				SWIFT_EMIT_LOC_STRINGS = NO;
				SWIFT_VERSION = 5.0;
				TARGETED_DEVICE_FAMILY = "1,2";
				TEST_HOST = "$(BUILT_PRODUCTS_DIR)/EMag.app/EMag";
			};
			name = Release;
		};
		1BA2E60F2A35E17300631B6C /* Debug */ = {
			isa = XCBuildConfiguration;
			buildSettings = {
				ALWAYS_EMBED_SWIFT_STANDARD_LIBRARIES = YES;
				CODE_SIGN_STYLE = Automatic;
				CURRENT_PROJECT_VERSION = 1;
				DEVELOPMENT_TEAM = 6PFYL3M3A5;
				GENERATE_INFOPLIST_FILE = YES;
				LD_RUNPATH_SEARCH_PATHS = (
					"$(inherited)",
					"@executable_path/Frameworks",
					"@loader_path/Frameworks",
				);
				MARKETING_VERSION = 1.0;
				PRODUCT_BUNDLE_IDENTIFIER = com.chizztectep.ru.EMagUITests;
				PRODUCT_NAME = "$(TARGET_NAME)";
				SWIFT_EMIT_LOC_STRINGS = NO;
				SWIFT_VERSION = 5.0;
				TARGETED_DEVICE_FAMILY = "1,2";
				TEST_TARGET_NAME = EMag;
			};
			name = Debug;
		};
		1BA2E6102A35E17300631B6C /* Release */ = {
			isa = XCBuildConfiguration;
			buildSettings = {
				ALWAYS_EMBED_SWIFT_STANDARD_LIBRARIES = YES;
				CODE_SIGN_STYLE = Automatic;
				CURRENT_PROJECT_VERSION = 1;
				DEVELOPMENT_TEAM = 6PFYL3M3A5;
				GENERATE_INFOPLIST_FILE = YES;
				LD_RUNPATH_SEARCH_PATHS = (
					"$(inherited)",
					"@executable_path/Frameworks",
					"@loader_path/Frameworks",
				);
				MARKETING_VERSION = 1.0;
				PRODUCT_BUNDLE_IDENTIFIER = com.chizztectep.ru.EMagUITests;
				PRODUCT_NAME = "$(TARGET_NAME)";
				SWIFT_EMIT_LOC_STRINGS = NO;
				SWIFT_VERSION = 5.0;
				TARGETED_DEVICE_FAMILY = "1,2";
				TEST_TARGET_NAME = EMag;
			};
			name = Release;
		};
/* End XCBuildConfiguration section */

/* Begin XCConfigurationList section */
		1BA2E5D92A35E16E00631B6C /* Build configuration list for PBXProject "EMag" */ = {
			isa = XCConfigurationList;
			buildConfigurations = (
				1BA2E6062A35E17300631B6C /* Debug */,
				1BA2E6072A35E17300631B6C /* Release */,
			);
			defaultConfigurationIsVisible = 0;
			defaultConfigurationName = Release;
		};
		1BA2E6082A35E17300631B6C /* Build configuration list for PBXNativeTarget "EMag" */ = {
			isa = XCConfigurationList;
			buildConfigurations = (
				1BA2E6092A35E17300631B6C /* Debug */,
				1BA2E60A2A35E17300631B6C /* Release */,
			);
			defaultConfigurationIsVisible = 0;
			defaultConfigurationName = Release;
		};
		1BA2E60B2A35E17300631B6C /* Build configuration list for PBXNativeTarget "EMagTests" */ = {
			isa = XCConfigurationList;
			buildConfigurations = (
				1BA2E60C2A35E17300631B6C /* Debug */,
				1BA2E60D2A35E17300631B6C /* Release */,
			);
			defaultConfigurationIsVisible = 0;
			defaultConfigurationName = Release;
		};
		1BA2E60E2A35E17300631B6C /* Build configuration list for PBXNativeTarget "EMagUITests" */ = {
			isa = XCConfigurationList;
			buildConfigurations = (
				1BA2E60F2A35E17300631B6C /* Debug */,
				1BA2E6102A35E17300631B6C /* Release */,
			);
			defaultConfigurationIsVisible = 0;
			defaultConfigurationName = Release;
		};
/* End XCConfigurationList section */
	};
	rootObject = 1BA2E5D62A35E16E00631B6C /* Project object */;
}
